
Microsoft Visual Studio Solution File, Format Version 12.00
# Visual Studio Version 16
VisualStudioVersion = 16.0.30621.155
MinimumVisualStudioVersion = 10.0.40219.1
Project("{8BC9CEB8-8B4A-11D0-8D11-00A0C91BC942}") = "WarpByAccumulate", "WarpByAccumulate.vcxproj", "{6B9620E6-DFC2-40BB-AA5E-F30F1CAF8C72}"
EndProject
Global
	GlobalSection(SolutionConfigurationPlatforms) = preSolution
		Debug|x64 = Debug|x64
		Debug|x86 = Debug|x86
		Release|x64 = Release|x64
		Release|x86 = Release|x86
	EndGlobalSection
	GlobalSection(ProjectConfigurationPlatforms) = postSolution
		{6B9620E6-DFC2-40BB-AA5E-F30F1CAF8C72}.Debug|x64.ActiveCfg = Debug|x64
		{6B9620E6-DFC2-40BB-AA5E-F30F1CAF8C72}.Debug|x64.Build.0 = Debug|x64
		{6B9620E6-DFC2-40BB-AA5E-F30F1CAF8C72}.Debug|x86.ActiveCfg = Debug|Win32
		{6B9620E6-DFC2-40BB-AA5E-F30F1CAF8C72}.Debug|x86.Build.0 = Debug|Win32
		{6B9620E6-DFC2-40BB-AA5E-F30F1CAF8C72}.Release|x64.ActiveCfg = Release|x64
		{6B9620E6-DFC2-40BB-AA5E-F30F1CAF8C72}.Release|x64.Build.0 = Release|x64
		{6B9620E6-DFC2-40BB-AA5E-F30F1CAF8C72}.Release|x86.ActiveCfg = Release|Win32
		{6B9620E6-DFC2-40BB-AA5E-F30F1CAF8C72}.Release|x86.Build.0 = Release|Win32
	EndGlobalSection
	GlobalSection(SolutionProperties) = preSolution
		HideSolutionNode = FALSE
	EndGlobalSection
	GlobalSection(ExtensibilityGlobals) = postSolution
		SolutionGuid = {FA48CBF4-AB2C-46CA-8C13-EEE3F06A8F36}
	EndGlobalSection
EndGlobal
